
Microsoft Visual Studio Solution File, Format Version 12.00
# Visual Studio Version 16
VisualStudioVersion = 16.0.30204.135
MinimumVisualStudioVersion = 10.0.40219.1
Project("{FAE04EC0-301F-11D3-BF4B-00C04F79EFBC}") = "Sams", "Sams\Sams.csproj", "{D21F40A8-FE52-4390-9A3B-C158E11CF686}"
EndProject
Global
	GlobalSection(SolutionConfigurationPlatforms) = preSolution
		Debug|Any CPU = Debug|Any CPU
		Release|Any CPU = Release|Any CPU
	EndGlobalSection
	GlobalSection(ProjectConfigurationPlatforms) = postSolution
		{D21F40A8-FE52-4390-9A3B-C158E11CF686}.Debug|Any CPU.ActiveCfg = Debug|Any CPU
		{D21F40A8-FE52-4390-9A3B-C158E11CF686}.Debug|Any CPU.Build.0 = Debug|Any CPU
		{D21F40A8-FE52-4390-9A3B-C158E11CF686}.Release|Any CPU.ActiveCfg = Release|Any CPU
		{D21F40A8-FE52-4390-9A3B-C158E11CF686}.Release|Any CPU.Build.0 = Release|Any CPU
	EndGlobalSection
	GlobalSection(SolutionProperties) = preSolution
		HideSolutionNode = FALSE
	EndGlobalSection
	GlobalSection(ExtensibilityGlobals) = postSolution
		SolutionGuid = {AAE65F04-BAF3-4609-B6DE-4442125F0096}
	EndGlobalSection
EndGlobal
